{
  "version": 4,
  "terraform_version": "1.16.1",
  "serial": 52,
  "lineage": "91f8d964-c0b9-4aec-e598-5c3d603feb11",
  "outputs": {},
  "resources": [
    {
      "mode": "data",
      "type": "aws_availability_zones",
      "name": "available",
      "provider": "provider[\"registry.terraform.io/hashicorp/aws\"]",
      "instances": [
        {
          "schema_version": 0,
          "attributes": {
            "all_availability_zones": null,
            "exclude_names": null,
            "exclude_zone_ids": null,
            "filter": null,
            "group_names": [
              "ap-south-1-zg-1"
            ],
            "id": "ap-south-1",
            "names": [
              "ap-south-1a",
              "ap-south-1b",
              "ap-south-1c"
            ],
            "region": "ap-south-1",
            "state": "available",
            "timeouts": null,
            "zone_ids": [
              "aps1-az1",
              "aps1-az3",
              "aps1-az2"
            ]
          },
          "sensitive_attributes": [],
          "identity_schema_version": 0
        }
      ]
    },
    {
      "mode": "managed",
      "type": "aws_eks_cluster",
      "name": "main",
      "provider": "provider[\"registry.terraform.io/hashicorp/aws\"]",
      "instances": [
        {
          "schema_version": 1,
          "attributes": {
            "access_config": [
              {
                "authentication_mode": "CONFIG_MAP",
                "bootstrap_cluster_creator_admin_permissions": true
              }
            ],
            "arn": "arn:aws:eks:ap-south-1:718409214934:cluster/blue-green-eks",
            "bootstrap_self_managed_addons": true,
            "certificate_authority": [
              {
                "data": "LS0tLS1CRUdJTiBDRVJUSUZJQ0FURS0tLS0tCk1JSUREVENDQWZXZ0F3SUJBZ0lRQzBIZ1E4emNKeFAxckRPbGExVjlvREFOQmdrcWhraUc5dzBCQVFzRkFEQVYKTVJNd0VRWURWUVFERXdwcmRXSmxjbTVsZEdWek1CNFhEVEkyTURreE1ERXdNVE0xTVZvWERUTXhNRGt3T1RFdwpNVE0xTVZvd0ZURVRNQkVHQTFVRUF4TUthM1ZpWlhKdVpYUmxjekNDQVNJd0RRWUpLb1pJaHZjTkFRRUJCUUFECmdnRVBBRENDQVFvQ2dnRUJBT0syOXl2cGVWVUNHVE4wWFB3YjluSXNTVnNCYndnS3YzaitpNG9aOEVmRlFaWEgKdnExYmxVbUVKUjc3bTBvY0pWN3RPUVdJTXpZb1ZHV0phSDJDNmlpbjVvQ1RZVEwyNWVqM2hFdjJ4UDlBVEZWMApsUi9EZlNyaDdPU0pUTEFtL1dMdlA1WWtrZFdrdXN0VmQ0dW5jWEF5T3hjWEJkWUJxZFl4V0g2RHgrdVhQd0dvCnpOSFBDcS9qZXJVYmZvemU5MmtOdjI0S1lJVThScWVydG5kelVkU1N5MjEzaUFaRzFyR1drUXRvamNDNjR3ZzEKeURIVXFOQlA0Q0hJSFMzaGpqZkpWS0hhdzcyTTRqMnJaS1Q1SkRsNmwxL3B2SVJTMW80RjZraWZzdTFaNVhtcgpTK0R0ck13TGU0ZXpYNnRyTWtOV0hxUFVVNGg1RzVhOXRMTVlCNk1DQXdFQUFhTlpNRmN3RGdZRFZSMFBBUUgvCkJBUURBZ0trTUE4R0ExVWRFd0VCL3dRRk1BTUJBZjh3SFFZRFZSME9CQllFRk53ZVc1T2VMOUUxUzVpSU4xelgKamxWUUxrNS9NQlVHQTFVZEVRUU9NQXlDQ210MVltVnlibVYwWlhNd0RRWUpLb1pJaHZjTkFRRUxCUUFEZ2dFQgpBS0RxeVdBTHhBT0owbHlZVVdRRCtCaTRRQ2Y1ekhib21xbzljMHdRNDM3eThxQmFBSFF1cWJiUUJqL1N6d2ExCmxVSkY3Mm9Yc3h5YUxSV21EOTE5TDJ3QlF3OGgrYUljNXdFMjFDYlVWRDhORFZ3NnpaUUFrM25jVHJTTDJYcEEKQW9yVUNtUGhRc2QxNjEyajV4dWlRUEg5Umo3ZndCTzZIcmhHdjBCQTJLRitiQk5YTmdHd0N3cjhlR3Y5ZXQ1LwpxbWYrY1Y0UWpRRWR4Y2hkYS8zdE9reEQyeVZtaW9pWWlZMEN3bm9mWWJvNU5SZXFTREQyMVhrZDdRcGF3cjdNCmpqSFVvQ3k4NUdQSHdjcjMxbVZFekxWMisvYXQwMk5UNzVXdmFrNnRFRWpwQzVXSkdBaFYwUUtJckZEeUEzVTUKU2c3bkhoWWFNRW5xS0s1R05MaXY4OE09Ci0tLS0tRU5EIENFUlRJRklDQVRFLS0tLS0K"
              }
            ],
            "cluster_id": null,
            "compute_config": [
              {
                "enabled": false,
                "node_pools": [],
                "node_role_arn": ""
              }
            ],
            "control_plane_scaling_config": [
              {
                "tier": "standard"
              }
            ],
            "created_at": "2026-09-10T10:13:29Z",
            "deletion_protection": false,
            "enabled_cluster_log_types": [],
            "encryption_config": [],
            "endpoint": "https://E43347A1309BBA00ACF596BFE2DEA853.gr7.ap-south-1.eks.amazonaws.com",
            "force_update_version": null,
            "id": "blue-green-eks",
            "identity": [
              {
                "oidc": [
                  {
                    "issuer": "https://oidc.eks.ap-south-1.amazonaws.com/id/E43347A1309BBA00ACF596BFE2DEA853"
                  }
                ]
              }
            ],
            "kube_api_server_config": [
              {
                "event_ttl": "60m",
                "service_node_port_range": [
                  {
                    "max_port": 32767,
                    "min_port": 30000
                  }
                ]
              }
            ],
            "kube_controller_manager_config": [
              {
                "horizontal_pod_autoscaler_controller_config": [
                  {
                    "horizontal_pod_autoscaler_sync_period": "15s"
                  }
                ],
                "pod_gc_controller_config": [
                  {
                    "terminated_pod_gc_threshold": 12500
                  }
                ]
              }
            ],
            "kube_scheduler_config": [
              {
                "node_resources_fit": [
                  {
                    "scoring_strategy": [
                      {
                        "resource": [
                          {
                            "name": "cpu",
                            "weight": 1
                          },
                          {
                            "name": "memory",
                            "weight": 1
                          }
                        ],
                        "type": "LeastAllocated"
                      }
                    ]
                  }
                ]
              }
            ],
            "kubernetes_network_config": [
              {
                "elastic_load_balancing": [
                  {
                    "enabled": false
                  }
                ],
                "ip_family": "ipv4",
                "service_ipv4_cidr": "172.20.0.0/16",
                "service_ipv6_cidr": ""
              }
            ],
            "name": "blue-green-eks",
            "outpost_config": [],
            "platform_version": "eks.12",
            "region": "ap-south-1",
            "remote_network_config": [],
            "role_arn": "arn:aws:iam::718409214934:role/blue-green-eks-cluster-role",
            "status": "ACTIVE",
            "storage_config": [
              {
                "block_storage": [
                  {
                    "enabled": false
                  }
                ]
              }
            ],
            "tags": {
              "Environment": "dev",
              "Name": "blue-green-eks",
              "Project": "blue-green-deployment-platform"
            },
            "tags_all": {
              "Environment": "dev",
              "Name": "blue-green-eks",
              "Project": "blue-green-deployment-platform"
            },
            "timeouts": null,
            "upgrade_policy": [
              {
                "support_type": "EXTENDED"
              }
            ],
            "version": "1.36",
            "vpc_config": [
              {
                "cluster_security_group_id": "sg-0a0ea781d177cd6b4",
                "control_plane_egress_mode": "AWS_MANAGED",
                "endpoint_private_access": true,
                "endpoint_public_access": true,
                "public_access_cidrs": [
                  "0.0.0.0/0"
                ],
                "security_group_ids": [
                  "sg-0f1be0d69fd6df3ff"
                ],
                "subnet_ids": [
                  "subnet-0b8f28bc4970130e9",
                  "subnet-0f6887bbc0dcfc5b5"
                ],
                "vpc_id": "vpc-0e48d3501471314ff"
              }
            ],
            "zonal_shift_config": []
          },
          "sensitive_attributes": [],
          "identity_schema_version": 0,
          "identity": {
            "account_id": "718409214934",
            "name": "blue-green-eks",
            "region": "ap-south-1"
          },
          "private": "eyJlMmJmYjczMC1lY2FhLTExZTYtOGY4OC0zNDM2M2JjN2M0YzAiOnsiY3JlYXRlIjoxODAwMDAwMDAwMDAwLCJkZWxldGUiOjkwMDAwMDAwMDAwMCwidXBkYXRlIjozNjAwMDAwMDAwMDAwfSwic2NoZW1hX3ZlcnNpb24iOiIxIn0=",
          "dependencies": [
            "aws_iam_role.eks_cluster",
            "aws_iam_role_policy_attachment.eks_cluster_policy",
            "aws_security_group.eks_cluster",
            "aws_subnet.private_1",
            "aws_subnet.private_2",
            "aws_vpc.main",
            "data.aws_availability_zones.available"
          ]
        }
      ]
    },
    {
      "mode": "managed",
      "type": "aws_iam_role",
      "name": "eks_cluster",
      "provider": "provider[\"registry.terraform.io/hashicorp/aws\"]",
      "instances": [
        {
          "schema_version": 0,
          "attributes": {
            "arn": "arn:aws:iam::718409214934:role/blue-green-eks-cluster-role",
            "assume_role_policy": "{\"Statement\":[{\"Action\":\"sts:AssumeRole\",\"Effect\":\"Allow\",\"Principal\":{\"Service\":\"eks.amazonaws.com\"}}],\"Version\":\"2012-10-17\"}",
            "create_date": "2026-09-10T10:02:40Z",
            "description": "",
            "force_detach_policies": false,
            "id": "blue-green-eks-cluster-role",
            "inline_policy": [],
            "managed_policy_arns": [
              "arn:aws:iam::aws:policy/AmazonEKSClusterPolicy"
            ],
            "max_session_duration": 3600,
            "name": "blue-green-eks-cluster-role",
            "name_prefix": "",
            "path": "/",
            "permissions_boundary": "",
            "tags": {
              "Environment": "dev",
              "Name": "blue-green-eks-cluster-role",
              "Project": "blue-green-deployment-platform"
            },
            "tags_all": {
              "Environment": "dev",
              "Name": "blue-green-eks-cluster-role",
              "Project": "blue-green-deployment-platform"
            },
            "unique_id": "AROA2OREGVPLM75YRQKH4"
          },
          "sensitive_attributes": [],
          "identity_schema_version": 0,
          "identity": {
            "account_id": "718409214934",
            "name": "blue-green-eks-cluster-role"
          },
          "private": "bnVsbA=="
        }
      ]
    },
    {
      "mode": "managed",
      "type": "aws_iam_role_policy_attachment",
      "name": "eks_cluster_policy",
      "provider": "provider[\"registry.terraform.io/hashicorp/aws\"]",
      "instances": [
        {
          "schema_version": 0,
          "attributes": {
            "id": "blue-green-eks-cluster-role/arn:aws:iam::aws:policy/AmazonEKSClusterPolicy",
            "policy_arn": "arn:aws:iam::aws:policy/AmazonEKSClusterPolicy",
            "role": "blue-green-eks-cluster-role"
          },
          "sensitive_attributes": [],
          "identity_schema_version": 0,
          "identity": {
            "account_id": "718409214934",
            "policy_arn": "arn:aws:iam::aws:policy/AmazonEKSClusterPolicy",
            "role": "blue-green-eks-cluster-role"
          },
          "private": "bnVsbA==",
          "dependencies": [
            "aws_iam_role.eks_cluster"
          ]
        }
      ]
    },
    {
      "mode": "managed",
      "type": "aws_security_group",
      "name": "eks_cluster",
      "provider": "provider[\"registry.terraform.io/hashicorp/aws\"]",
      "instances": [
        {
          "schema_version": 1,
          "attributes": {
            "arn": "arn:aws:ec2:ap-south-1:718409214934:security-group/sg-0f1be0d69fd6df3ff",
            "description": "Security group for the blue-green EKS cluster",
            "egress": [
              {
                "cidr_blocks": [
                  "0.0.0.0/0"
                ],
                "description": "Allow all outbound traffic",
                "from_port": 0,
                "ipv6_cidr_blocks": [],
                "prefix_list_ids": [],
                "protocol": "-1",
                "security_groups": [],
                "self": false,
                "to_port": 0
              }
            ],
            "id": "sg-0f1be0d69fd6df3ff",
            "ingress": [],
            "name": "blue-green-eks-cluster-sg",
            "name_prefix": "",
            "owner_id": "718409214934",
            "region": "ap-south-1",
            "revoke_rules_on_delete": false,
            "tags": {
              "Environment": "dev",
              "Name": "blue-green-eks-cluster-sg",
              "Project": "blue-green-deployment-platform"
            },
            "tags_all": {
              "Environment": "dev",
              "Name": "blue-green-eks-cluster-sg",
              "Project": "blue-green-deployment-platform"
            },
            "timeouts": null,
            "vpc_id": "vpc-0e48d3501471314ff"
          },
          "sensitive_attributes": [],
          "identity_schema_version": 0,
          "identity": {
            "account_id": "718409214934",
            "id": "sg-0f1be0d69fd6df3ff",
            "region": "ap-south-1"
          },
          "private": "eyJlMmJmYjczMC1lY2FhLTExZTYtOGY4OC0zNDM2M2JjN2M0YzAiOnsiY3JlYXRlIjo2MDAwMDAwMDAwMDAsImRlbGV0ZSI6OTAwMDAwMDAwMDAwfSwic2NoZW1hX3ZlcnNpb24iOiIxIn0=",
          "dependencies": [
            "aws_vpc.main"
          ]
        }
      ]
    },
    {
      "mode": "managed",
      "type": "aws_subnet",
      "name": "private_1",
      "provider": "provider[\"registry.terraform.io/hashicorp/aws\"]",
      "instances": [
        {
          "schema_version": 1,
          "attributes": {
            "arn": "arn:aws:ec2:ap-south-1:718409214934:subnet/subnet-0f6887bbc0dcfc5b5",
            "assign_ipv6_address_on_creation": false,
            "availability_zone": "ap-south-1a",
            "availability_zone_id": "aps1-az1",
            "cidr_block": "10.0.11.0/24",
            "customer_owned_ipv4_pool": "",
            "enable_dns64": false,
            "enable_lni_at_device_index": 0,
            "enable_resource_name_dns_a_record_on_launch": false,
            "enable_resource_name_dns_aaaa_record_on_launch": false,
            "id": "subnet-0f6887bbc0dcfc5b5",
            "ipv4_ipam_pool_id": null,
            "ipv4_netmask_length": null,
            "ipv6_cidr_block": "",
            "ipv6_cidr_block_association_id": "",
            "ipv6_ipam_pool_id": null,
            "ipv6_native": false,
            "ipv6_netmask_length": null,
            "map_customer_owned_ip_on_launch": false,
            "map_public_ip_on_launch": false,
            "outpost_arn": "",
            "owner_id": "718409214934",
            "private_dns_hostname_type_on_launch": "ip-name",
            "region": "ap-south-1",
            "tags": {
              "Environment": "dev",
              "Name": "blue-green-private-1",
              "Project": "blue-green-deployment-platform",
              "Type": "private"
            },
            "tags_all": {
              "Environment": "dev",
              "Name": "blue-green-private-1",
              "Project": "blue-green-deployment-platform",
              "Type": "private"
            },
            "timeouts": null,
            "vpc_id": "vpc-0e48d3501471314ff"
          },
          "sensitive_attributes": [],
          "identity_schema_version": 0,
          "identity": {
            "account_id": "718409214934",
            "id": "subnet-0f6887bbc0dcfc5b5",
            "region": "ap-south-1"
          },
          "private": "eyJlMmJmYjczMC1lY2FhLTExZTYtOGY4OC0zNDM2M2JjN2M0YzAiOnsiY3JlYXRlIjo2MDAwMDAwMDAwMDAsImRlbGV0ZSI6MTIwMDAwMDAwMDAwMH0sInNjaGVtYV92ZXJzaW9uIjoiMSJ9",
          "dependencies": [
            "aws_vpc.main",
            "data.aws_availability_zones.available"
          ]
        }
      ]
    },
    {
      "mode": "managed",
      "type": "aws_subnet",
      "name": "private_2",
      "provider": "provider[\"registry.terraform.io/hashicorp/aws\"]",
      "instances": [
        {
          "schema_version": 1,
          "attributes": {
            "arn": "arn:aws:ec2:ap-south-1:718409214934:subnet/subnet-0b8f28bc4970130e9",
            "assign_ipv6_address_on_creation": false,
            "availability_zone": "ap-south-1b",
            "availability_zone_id": "aps1-az3",
            "cidr_block": "10.0.12.0/24",
            "customer_owned_ipv4_pool": "",
            "enable_dns64": false,
            "enable_lni_at_device_index": 0,
            "enable_resource_name_dns_a_record_on_launch": false,
            "enable_resource_name_dns_aaaa_record_on_launch": false,
            "id": "subnet-0b8f28bc4970130e9",
            "ipv4_ipam_pool_id": null,
            "ipv4_netmask_length": null,
            "ipv6_cidr_block": "",
            "ipv6_cidr_block_association_id": "",
            "ipv6_ipam_pool_id": null,
            "ipv6_native": false,
            "ipv6_netmask_length": null,
            "map_customer_owned_ip_on_launch": false,
            "map_public_ip_on_launch": false,
            "outpost_arn": "",
            "owner_id": "718409214934",
            "private_dns_hostname_type_on_launch": "ip-name",
            "region": "ap-south-1",
            "tags": {
              "Environment": "dev",
              "Name": "blue-green-private-2",
              "Project": "blue-green-deployment-platform",
              "Type": "private"
            },
            "tags_all": {
              "Environment": "dev",
              "Name": "blue-green-private-2",
              "Project": "blue-green-deployment-platform",
              "Type": "private"
            },
            "timeouts": null,
            "vpc_id": "vpc-0e48d3501471314ff"
          },
          "sensitive_attributes": [],
          "identity_schema_version": 0,
          "identity": {
            "account_id": "718409214934",
            "id": "subnet-0b8f28bc4970130e9",
            "region": "ap-south-1"
          },
          "private": "eyJlMmJmYjczMC1lY2FhLTExZTYtOGY4OC0zNDM2M2JjN2M0YzAiOnsiY3JlYXRlIjo2MDAwMDAwMDAwMDAsImRlbGV0ZSI6MTIwMDAwMDAwMDAwMH0sInNjaGVtYV92ZXJzaW9uIjoiMSJ9",
          "dependencies": [
            "aws_vpc.main",
            "data.aws_availability_zones.available"
          ]
        }
      ]
    },
    {
      "mode": "managed",
      "type": "aws_vpc",
      "name": "main",
      "provider": "provider[\"registry.terraform.io/hashicorp/aws\"]",
      "instances": [
        {
          "schema_version": 1,
          "attributes": {
            "arn": "arn:aws:ec2:ap-south-1:718409214934:vpc/vpc-0e48d3501471314ff",
            "assign_generated_ipv6_cidr_block": false,
            "cidr_block": "10.0.0.0/16",
            "default_network_acl_id": "acl-0eaeff4c4b71205bb",
            "default_route_table_id": "rtb-024acf9bc00cec446",
            "default_security_group_id": "sg-021bf8362e914896f",
            "dhcp_options_id": "dopt-0fee5490dc38a38f4",
            "enable_dns_hostnames": false,
            "enable_dns_support": true,
            "enable_network_address_usage_metrics": false,
            "id": "vpc-0e48d3501471314ff",
            "instance_tenancy": "default",
            "ipv4_ipam_pool_id": null,
            "ipv4_netmask_length": null,
            "ipv6_association_id": "",
            "ipv6_cidr_block": "",
            "ipv6_cidr_block_network_border_group": "",
            "ipv6_ipam_pool_id": "",
            "ipv6_netmask_length": 0,
            "main_route_table_id": "rtb-024acf9bc00cec446",
            "owner_id": "718409214934",
            "region": "ap-south-1",
            "tags": {
              "Environment": "dev",
              "Name": "blue-green-vpc",
              "Project": "blue-green-deployment-platform"
            },
            "tags_all": {
              "Environment": "dev",
              "Name": "blue-green-vpc",
              "Project": "blue-green-deployment-platform"
            }
          },
          "sensitive_attributes": [],
          "identity_schema_version": 0,
          "identity": {
            "account_id": "718409214934",
            "id": "vpc-0e48d3501471314ff",
            "region": "ap-south-1"
          },
          "private": "eyJzY2hlbWFfdmVyc2lvbiI6IjEifQ=="
        }
      ]
    }
  ],
  "check_results": null
}
