{
  "version": 4,
  "terraform_version": "1.16.1",
  "serial": 2,
  "lineage": "91f8d964-c0b9-4aec-e598-5c3d603feb11",
  "outputs": {},
  "resources": [
    {
      "mode": "data",
      "type": "aws_availability_zones",
      "name": "available",
      "provider": "provider[\"registry.terraform.io/hashicorp/aws\"]",
      "instances": [
        {
          "schema_version": 0,
          "attributes": {
            "all_availability_zones": null,
            "exclude_names": null,
            "exclude_zone_ids": null,
            "filter": null,
            "group_names": [
              "ap-south-1-zg-1"
            ],
            "id": "ap-south-1",
            "names": [
              "ap-south-1a",
              "ap-south-1b",
              "ap-south-1c"
            ],
            "region": "ap-south-1",
            "state": "available",
            "timeouts": null,
            "zone_ids": [
              "aps1-az1",
              "aps1-az3",
              "aps1-az2"
            ]
          },
          "sensitive_attributes": [],
          "identity_schema_version": 0
        }
      ]
    },
    {
      "mode": "managed",
      "type": "aws_vpc",
      "name": "main",
      "provider": "provider[\"registry.terraform.io/hashicorp/aws\"]",
      "instances": [
        {
          "schema_version": 1,
          "attributes": {
            "arn": "arn:aws:ec2:ap-south-1:718409214934:vpc/vpc-0e48d3501471314ff",
            "assign_generated_ipv6_cidr_block": false,
            "cidr_block": "10.0.0.0/16",
            "default_network_acl_id": "acl-0eaeff4c4b71205bb",
            "default_route_table_id": "rtb-024acf9bc00cec446",
            "default_security_group_id": "sg-021bf8362e914896f",
            "dhcp_options_id": "dopt-0fee5490dc38a38f4",
            "enable_dns_hostnames": false,
            "enable_dns_support": true,
            "enable_network_address_usage_metrics": false,
            "id": "vpc-0e48d3501471314ff",
            "instance_tenancy": "default",
            "ipv4_ipam_pool_id": null,
            "ipv4_netmask_length": null,
            "ipv6_association_id": "",
            "ipv6_cidr_block": "",
            "ipv6_cidr_block_network_border_group": "",
            "ipv6_ipam_pool_id": "",
            "ipv6_netmask_length": 0,
            "main_route_table_id": "rtb-024acf9bc00cec446",
            "owner_id": "718409214934",
            "region": "ap-south-1",
            "tags": {
              "Environment": "dev",
              "Name": "blue-green-vpc",
              "Project": "blue-green-deployment-platform"
            },
            "tags_all": {
              "Environment": "dev",
              "Name": "blue-green-vpc",
              "Project": "blue-green-deployment-platform"
            }
          },
          "sensitive_attributes": [],
          "identity_schema_version": 0,
          "identity": {
            "account_id": "718409214934",
            "id": "vpc-0e48d3501471314ff",
            "region": "ap-south-1"
          },
          "private": "eyJzY2hlbWFfdmVyc2lvbiI6IjEifQ=="
        }
      ]
    }
  ],
  "check_results": null
}
