{
  "version": 4,
  "terraform_version": "1.16.1",
  "serial": 1,
  "lineage": "07a1a8e6-6ae3-5c74-df17-beff9ad8c0b9",
  "outputs": {},
  "resources": [
    {
      "mode": "managed",
      "type": "local_file",
      "name": "project_note",
      "provider": "provider[\"registry.terraform.io/hashicorp/local\"]",
      "instances": [
        {
          "schema_version": 0,
          "attributes": {
            "content": "Terraform created this file.",
            "content_base64": null,
            "content_base64sha256": "P9XJ6JMvdYMkQzXX7z8XFHvoiPhQUf3egVNiZwQRhfU=",
            "content_base64sha512": "OTUuF9hUMXvshtzFyYVrrd5SVE9i5Mf2YlfzyOqf+vwxS7BiTxnzb83aUQjIy8FIOMPseZXns6N8isrjXoTKLg==",
            "content_md5": "3d04ce902de069bd7381b93161036ba2",
            "content_sha1": "e98293e9f594c82d0b293545f28db914184bd722",
            "content_sha256": "3fd5c9e8932f7583244335d7ef3f17147be888f85051fdde81536267041185f5",
            "content_sha512": "39352e17d854317bec86dcc5c9856badde52544f62e4c7f66257f3c8ea9ffafc314bb0624f19f36fcdda5108c8cbc14838c3ec7995e7b3a37c8acae35e84ca2e",
            "directory_permission": "0777",
            "file_permission": "0777",
            "filename": "./terraform-practice.txt",
            "id": "e98293e9f594c82d0b293545f28db914184bd722",
            "sensitive_content": null,
            "source": null
          },
          "sensitive_attributes": [
            [
              {
                "type": "get_attr",
                "value": "sensitive_content"
              }
            ]
          ],
          "identity_schema_version": 0
        }
      ]
    }
  ],
  "check_results": null
}
