{
  "version": 4,
  "terraform_version": "1.16.1",
  "serial": 4,
  "lineage": "e95af75a-53f6-b43f-6be9-b276c4b543b8",
  "outputs": {},
  "resources": [
    {
      "mode": "managed",
      "type": "local_file",
      "name": "project_note",
      "provider": "provider[\"registry.terraform.io/hashicorp/local\"]",
      "instances": [
        {
          "schema_version": 0,
          "attributes": {
            "content": "Terraform Updated this file.",
            "content_base64": null,
            "content_base64sha256": "OKXSaG4sMQIBooiPgnPyP+YlFGM2YIhEy0lauYRWl/c=",
            "content_base64sha512": "ralLoO45LiDEEsfA2g+yzCHfKOeg0QUMSm4TXURPzJ99iaDj+m6SaJTqgRU1CSivnERcv0z1LuYfBgxLQcVWug==",
            "content_md5": "a89c3903f065007d3fd254ee143c241d",
            "content_sha1": "abf8cbe63636768b74c30d2c868be68c9c6c4987",
            "content_sha256": "38a5d2686e2c310201a2888f8273f23fe625146336608844cb495ab9845697f7",
            "content_sha512": "ada94ba0ee392e20c412c7c0da0fb2cc21df28e7a0d1050c4a6e135d444fcc9f7d89a0e3fa6e926894ea8115350928af9c445cbf4cf52ee61f060c4b41c556ba",
            "directory_permission": "0777",
            "file_permission": "0777",
            "filename": "./terraform-practice.txt",
            "id": "abf8cbe63636768b74c30d2c868be68c9c6c4987",
            "sensitive_content": null,
            "source": null
          },
          "sensitive_attributes": [
            [
              {
                "type": "get_attr",
                "value": "sensitive_content"
              }
            ]
          ],
          "identity_schema_version": 0
        }
      ]
    }
  ],
  "check_results": null
}
