{
  "version": 4,
  "terraform_version": "1.16.1",
  "serial": 4,
  "lineage": "07a1a8e6-6ae3-5c74-df17-beff9ad8c0b9",
  "outputs": {},
  "resources": [
    {
      "mode": "managed",
      "type": "local_file",
      "name": "project_note",
      "provider": "provider[\"registry.terraform.io/hashicorp/local\"]",
      "instances": [
        {
          "schema_version": 0,
          "attributes": {
            "content": "Terraform Updated  this file.",
            "content_base64": null,
            "content_base64sha256": "/fXD2veEAu2rOH+7RpqAZVni3Y+u8Nk/tR7CosEX3dY=",
            "content_base64sha512": "qQlv4rzVHt2YjyOYShUC2Kyr9qrCknQRfjuqHXu8I2cnJSHt7iP1lKqWjzArSQaw625W1gQeZRu+t578F2sGmA==",
            "content_md5": "b51d60639f4f8e9704f9f1c962991c1a",
            "content_sha1": "cabe40d490f9acd1afc6a051448fa0e6033abc50",
            "content_sha256": "fdf5c3daf78402edab387fbb469a806559e2dd8faef0d93fb51ec2a2c117ddd6",
            "content_sha512": "a9096fe2bcd51edd988f23984a1502d8acabf6aac29274117e3baa1d7bbc2367272521edee23f594aa968f302b4906b0eb6e56d6041e651bbeb79efc176b0698",
            "directory_permission": "0777",
            "file_permission": "0777",
            "filename": "./terraform-practice.txt",
            "id": "cabe40d490f9acd1afc6a051448fa0e6033abc50",
            "sensitive_content": null,
            "source": null
          },
          "sensitive_attributes": [
            [
              {
                "type": "get_attr",
                "value": "sensitive_content"
              }
            ]
          ],
          "identity_schema_version": 0
        }
      ]
    }
  ],
  "check_results": null
}
